
Microsoft Visual Studio Solution File, Format Version 12.00
# Visual Studio Version 16
VisualStudioVersion = 16.0.29411.108
MinimumVisualStudioVersion = 10.0.40219.1
Project("{FAE04EC0-301F-11D3-BF4B-00C04F79EFBC}") = "WebApplication1", "WebApplication1\WebApplication1.csproj", "{E66EFAF2-B86C-4D52-A266-83042FA20E0F}"
EndProject
Global
	GlobalSection(SolutionConfigurationPlatforms) = preSolution
		Debug|Any CPU = Debug|Any CPU
		Release|Any CPU = Release|Any CPU
	EndGlobalSection
	GlobalSection(ProjectConfigurationPlatforms) = postSolution
		{E66EFAF2-B86C-4D52-A266-83042FA20E0F}.Debug|Any CPU.ActiveCfg = Debug|Any CPU
		{E66EFAF2-B86C-4D52-A266-83042FA20E0F}.Debug|Any CPU.Build.0 = Debug|Any CPU
		{E66EFAF2-B86C-4D52-A266-83042FA20E0F}.Release|Any CPU.ActiveCfg = Release|Any CPU
		{E66EFAF2-B86C-4D52-A266-83042FA20E0F}.Release|Any CPU.Build.0 = Release|Any CPU
	EndGlobalSection
	GlobalSection(SolutionProperties) = preSolution
		HideSolutionNode = FALSE
	EndGlobalSection
	GlobalSection(ExtensibilityGlobals) = postSolution
		SolutionGuid = {760B6B07-18AC-4EC7-9F28-38FC08E5B3F3}
	EndGlobalSection
EndGlobal
